
Microsoft Visual Studio Solution File, Format Version 12.00
# Visual Studio Version 16
VisualStudioVersion = 16.0.29905.134
MinimumVisualStudioVersion = 10.0.40219.1
Project("{FAE04EC0-301F-11D3-BF4B-00C04F79EFBC}") = "MedicalTestsMVC", "ErrorProjectMVC\MedicalTestsMVC.csproj", "{3AA5E1A3-086C-41A9-82EA-8A79980E7966}"
EndProject
Project("{FAE04EC0-301F-11D3-BF4B-00C04F79EFBC}") = "MedicalTests.Domain", "ErrorProject.Domain\MedicalTests.Domain.csproj", "{A6423CB8-2A31-43D0-9BDE-D1D0BD061434}"
EndProject
Global
	GlobalSection(SolutionConfigurationPlatforms) = preSolution
		Debug|Any CPU = Debug|Any CPU
		Release|Any CPU = Release|Any CPU
	EndGlobalSection
	GlobalSection(ProjectConfigurationPlatforms) = postSolution
		{3AA5E1A3-086C-41A9-82EA-8A79980E7966}.Debug|Any CPU.ActiveCfg = Debug|Any CPU
		{3AA5E1A3-086C-41A9-82EA-8A79980E7966}.Debug|Any CPU.Build.0 = Debug|Any CPU
		{3AA5E1A3-086C-41A9-82EA-8A79980E7966}.Release|Any CPU.ActiveCfg = Release|Any CPU
		{3AA5E1A3-086C-41A9-82EA-8A79980E7966}.Release|Any CPU.Build.0 = Release|Any CPU
		{A6423CB8-2A31-43D0-9BDE-D1D0BD061434}.Debug|Any CPU.ActiveCfg = Debug|Any CPU
		{A6423CB8-2A31-43D0-9BDE-D1D0BD061434}.Debug|Any CPU.Build.0 = Debug|Any CPU
		{A6423CB8-2A31-43D0-9BDE-D1D0BD061434}.Release|Any CPU.ActiveCfg = Release|Any CPU
		{A6423CB8-2A31-43D0-9BDE-D1D0BD061434}.Release|Any CPU.Build.0 = Release|Any CPU
	EndGlobalSection
	GlobalSection(SolutionProperties) = preSolution
		HideSolutionNode = FALSE
	EndGlobalSection
	GlobalSection(ExtensibilityGlobals) = postSolution
		SolutionGuid = {A5842831-2B0E-4B7F-A87A-548310F4AA8A}
	EndGlobalSection
EndGlobal
